
Microsoft Visual Studio Solution File, Format Version 12.00
Project("{FAE04EC0-301F-11D3-BF4B-00C04F79EFBC}") = "ReflectionRepoTest", "ReflectionRepoTest\ReflectionRepoTest.csproj", "{B0EEDA58-667C-487A-9AE9-E7978821ECEC}"
EndProject
Global
	GlobalSection(SolutionConfigurationPlatforms) = preSolution
		Debug|Any CPU = Debug|Any CPU
		Release|Any CPU = Release|Any CPU
	EndGlobalSection
	GlobalSection(ProjectConfigurationPlatforms) = postSolution
		{B0EEDA58-667C-487A-9AE9-E7978821ECEC}.Debug|Any CPU.ActiveCfg = Debug|Any CPU
		{B0EEDA58-667C-487A-9AE9-E7978821ECEC}.Debug|Any CPU.Build.0 = Debug|Any CPU
		{B0EEDA58-667C-487A-9AE9-E7978821ECEC}.Release|Any CPU.ActiveCfg = Release|Any CPU
		{B0EEDA58-667C-487A-9AE9-E7978821ECEC}.Release|Any CPU.Build.0 = Release|Any CPU
	EndGlobalSection
EndGlobal
